
Microsoft Visual Studio Solution File, Format Version 9.00
# Visual Studio 2005
Project("{8BC9CEB8-8B4A-11D0-8D11-00A0C91BC942}") = "RT", "RTVS2005.vcproj", "{56F52E72-F289-4233-B797-02FB5497E617}"
EndProject
Global
	GlobalSection(SolutionConfigurationPlatforms) = preSolution
		Debug|Win32 = Debug|Win32
		Release|Win32 = Release|Win32
	EndGlobalSection
	GlobalSection(ProjectConfigurationPlatforms) = postSolution
		{56F52E72-F289-4233-B797-02FB5497E617}.Debug|Win32.ActiveCfg = Debug|Win32
		{56F52E72-F289-4233-B797-02FB5497E617}.Debug|Win32.Build.0 = Debug|Win32
		{56F52E72-F289-4233-B797-02FB5497E617}.Release|Win32.ActiveCfg = Release|Win32
		{56F52E72-F289-4233-B797-02FB5497E617}.Release|Win32.Build.0 = Release|Win32
	EndGlobalSection
	GlobalSection(SolutionProperties) = preSolution
		HideSolutionNode = FALSE
	EndGlobalSection
EndGlobal
